// !$*UTF8*$!
{
	archiveVersion = 1;
	classes = {
	};
	objectVersion = 50;
	objects = {

/* Begin PBXBuildFile section */
		EA03447B254496DD00747562 /* ContactController.swift in Sources */ = {isa = PBXBuildFile; fileRef = EA034477254496DD00747562 /* ContactController.swift */; };
		EA03447D254496DD00747562 /* ContactView.swift in Sources */ = {isa = PBXBuildFile; fileRef = EA034479254496DD00747562 /* ContactView.swift */; };
		EA5CF4752544406A002556CF /* AppDelegate.swift in Sources */ = {isa = PBXBuildFile; fileRef = EA5CF4742544406A002556CF /* AppDelegate.swift */; };
		EA5CF4772544406A002556CF /* SceneDelegate.swift in Sources */ = {isa = PBXBuildFile; fileRef = EA5CF4762544406A002556CF /* SceneDelegate.swift */; };
		EA5CF4792544406A002556CF /* ViewController.swift in Sources */ = {isa = PBXBuildFile; fileRef = EA5CF4782544406A002556CF /* ViewController.swift */; };
		EA5CF47C2544406A002556CF /* Main.storyboard in Resources */ = {isa = PBXBuildFile; fileRef = EA5CF47A2544406A002556CF /* Main.storyboard */; };
		EA5CF47E2544406D002556CF /* Assets.xcassets in Resources */ = {isa = PBXBuildFile; fileRef = EA5CF47D2544406D002556CF /* Assets.xcassets */; };
		EA5CF4812544406D002556CF /* LaunchScreen.storyboard in Resources */ = {isa = PBXBuildFile; fileRef = EA5CF47F2544406D002556CF /* LaunchScreen.storyboard */; };
		EA5CF48E25447B86002556CF /* ContactView.xib in Resources */ = {isa = PBXBuildFile; fileRef = EA5CF48D25447B86002556CF /* ContactView.xib */; };
/* End PBXBuildFile section */

/* Begin PBXFileReference section */
		EA034477254496DD00747562 /* ContactController.swift */ = {isa = PBXFileReference; lastKnownFileType = sourcecode.swift; path = ContactController.swift; sourceTree = "<group>"; };
		EA034479254496DD00747562 /* ContactView.swift */ = {isa = PBXFileReference; lastKnownFileType = sourcecode.swift; path = ContactView.swift; sourceTree = "<group>"; };
		EA5CF4712544406A002556CF /* Homework6.app */ = {isa = PBXFileReference; explicitFileType = wrapper.application; includeInIndex = 0; path = Homework6.app; sourceTree = BUILT_PRODUCTS_DIR; };
		EA5CF4742544406A002556CF /* AppDelegate.swift */ = {isa = PBXFileReference; lastKnownFileType = sourcecode.swift; path = AppDelegate.swift; sourceTree = "<group>"; };
		EA5CF4762544406A002556CF /* SceneDelegate.swift */ = {isa = PBXFileReference; lastKnownFileType = sourcecode.swift; path = SceneDelegate.swift; sourceTree = "<group>"; };
		EA5CF4782544406A002556CF /* ViewController.swift */ = {isa = PBXFileReference; lastKnownFileType = sourcecode.swift; path = ViewController.swift; sourceTree = "<group>"; };
		EA5CF47B2544406A002556CF /* Base */ = {isa = PBXFileReference; lastKnownFileType = file.storyboard; name = Base; path = Base.lproj/Main.storyboard; sourceTree = "<group>"; };
		EA5CF47D2544406D002556CF /* Assets.xcassets */ = {isa = PBXFileReference; lastKnownFileType = folder.assetcatalog; path = Assets.xcassets; sourceTree = "<group>"; };
		EA5CF4802544406D002556CF /* Base */ = {isa = PBXFileReference; lastKnownFileType = file.storyboard; name = Base; path = Base.lproj/LaunchScreen.storyboard; sourceTree = "<group>"; };
		EA5CF4822544406D002556CF /* Info.plist */ = {isa = PBXFileReference; lastKnownFileType = text.plist.xml; path = Info.plist; sourceTree = "<group>"; };
		EA5CF48D25447B86002556CF /* ContactView.xib */ = {isa = PBXFileReference; lastKnownFileType = file.xib; path = ContactView.xib; sourceTree = "<group>"; };
/* End PBXFileReference section */

/* Begin PBXFrameworksBuildPhase section */
		EA5CF46E2544406A002556CF /* Frameworks */ = {
			isa = PBXFrameworksBuildPhase;
			buildActionMask = 2147483647;
			files = (
			);
			runOnlyForDeploymentPostprocessing = 0;
		};
/* End PBXFrameworksBuildPhase section */

/* Begin PBXGroup section */
		EA034476254496A700747562 /* ContactController */ = {
			isa = PBXGroup;
			children = (
				EA034477254496DD00747562 /* ContactController.swift */,
				EA0344822544978000747562 /* View */,
			);
			path = ContactController;
			sourceTree = "<group>";
		};
		EA0344822544978000747562 /* View */ = {
			isa = PBXGroup;
			children = (
				EA034479254496DD00747562 /* ContactView.swift */,
				EA5CF48D25447B86002556CF /* ContactView.xib */,
			);
			path = View;
			sourceTree = "<group>";
		};
		EA5CF4682544406A002556CF = {
			isa = PBXGroup;
			children = (
				EA5CF4732544406A002556CF /* Homework6 */,
				EA5CF4722544406A002556CF /* Products */,
			);
			sourceTree = "<group>";
		};
		EA5CF4722544406A002556CF /* Products */ = {
			isa = PBXGroup;
			children = (
				EA5CF4712544406A002556CF /* Homework6.app */,
			);
			name = Products;
			sourceTree = "<group>";
		};
		EA5CF4732544406A002556CF /* Homework6 */ = {
			isa = PBXGroup;
			children = (
				EA5CF4742544406A002556CF /* AppDelegate.swift */,
				EA5CF4762544406A002556CF /* SceneDelegate.swift */,
				EA5CF4782544406A002556CF /* ViewController.swift */,
				EA5CF47A2544406A002556CF /* Main.storyboard */,
				EA034476254496A700747562 /* ContactController */,
				EA5CF47D2544406D002556CF /* Assets.xcassets */,
				EA5CF47F2544406D002556CF /* LaunchScreen.storyboard */,
				EA5CF4822544406D002556CF /* Info.plist */,
			);
			path = Homework6;
			sourceTree = "<group>";
		};
/* End PBXGroup section */

/* Begin PBXNativeTarget section */
		EA5CF4702544406A002556CF /* Homework6 */ = {
			isa = PBXNativeTarget;
			buildConfigurationList = EA5CF4852544406D002556CF /* Build configuration list for PBXNativeTarget "Homework6" */;
			buildPhases = (
				EA5CF46D2544406A002556CF /* Sources */,
				EA5CF46E2544406A002556CF /* Frameworks */,
				EA5CF46F2544406A002556CF /* Resources */,
			);
			buildRules = (
			);
			dependencies = (
			);
			name = Homework6;
			productName = Homework6;
			productReference = EA5CF4712544406A002556CF /* Homework6.app */;
			productType = "com.apple.product-type.application";
		};
/* End PBXNativeTarget section */

/* Begin PBXProject section */
		EA5CF4692544406A002556CF /* Project object */ = {
			isa = PBXProject;
			attributes = {
				LastSwiftUpdateCheck = 1210;
				LastUpgradeCheck = 1210;
				TargetAttributes = {
					EA5CF4702544406A002556CF = {
						CreatedOnToolsVersion = 12.1;
					};
				};
			};
			buildConfigurationList = EA5CF46C2544406A002556CF /* Build configuration list for PBXProject "Homework6" */;
			compatibilityVersion = "Xcode 9.3";
			developmentRegion = en;
			hasScannedForEncodings = 0;
			knownRegions = (
				en,
				Base,
			);
			mainGroup = EA5CF4682544406A002556CF;
			productRefGroup = EA5CF4722544406A002556CF /* Products */;
			projectDirPath = "";
			projectRoot = "";
			targets = (
				EA5CF4702544406A002556CF /* Homework6 */,
			);
		};
/* End PBXProject section */

/* Begin PBXResourcesBuildPhase section */
		EA5CF46F2544406A002556CF /* Resources */ = {
			isa = PBXResourcesBuildPhase;
			buildActionMask = 2147483647;
			files = (
				EA5CF48E25447B86002556CF /* ContactView.xib in Resources */,
				EA5CF4812544406D002556CF /* LaunchScreen.storyboard in Resources */,
				EA5CF47E2544406D002556CF /* Assets.xcassets in Resources */,
				EA5CF47C2544406A002556CF /* Main.storyboard in Resources */,
			);
			runOnlyForDeploymentPostprocessing = 0;
		};
/* End PBXResourcesBuildPhase section */

/* Begin PBXSourcesBuildPhase section */
		EA5CF46D2544406A002556CF /* Sources */ = {
			isa = PBXSourcesBuildPhase;
			buildActionMask = 2147483647;
			files = (
				EA5CF4792544406A002556CF /* ViewController.swift in Sources */,
				EA03447D254496DD00747562 /* ContactView.swift in Sources */,
				EA5CF4752544406A002556CF /* AppDelegate.swift in Sources */,
				EA03447B254496DD00747562 /* ContactController.swift in Sources */,
				EA5CF4772544406A002556CF /* SceneDelegate.swift in Sources */,
			);
			runOnlyForDeploymentPostprocessing = 0;
		};
/* End PBXSourcesBuildPhase section */

/* Begin PBXVariantGroup section */
		EA5CF47A2544406A002556CF /* Main.storyboard */ = {
			isa = PBXVariantGroup;
			children = (
				EA5CF47B2544406A002556CF /* Base */,
			);
			name = Main.storyboard;
			sourceTree = "<group>";
		};
		EA5CF47F2544406D002556CF /* LaunchScreen.storyboard */ = {
			isa = PBXVariantGroup;
			children = (
				EA5CF4802544406D002556CF /* Base */,
			);
			name = LaunchScreen.storyboard;
			sourceTree = "<group>";
		};
/* End PBXVariantGroup section */

/* Begin XCBuildConfiguration section */
		EA5CF4832544406D002556CF /* Debug */ = {
			isa = XCBuildConfiguration;
			buildSettings = {
				ALWAYS_SEARCH_USER_PATHS = NO;
				CLANG_ANALYZER_NONNULL = YES;
				CLANG_ANALYZER_NUMBER_OBJECT_CONVERSION = YES_AGGRESSIVE;
				CLANG_CXX_LANGUAGE_STANDARD = "gnu++14";
				CLANG_CXX_LIBRARY = "libc++";
				CLANG_ENABLE_MODULES = YES;
				CLANG_ENABLE_OBJC_ARC = YES;
				CLANG_ENABLE_OBJC_WEAK = YES;
				CLANG_WARN_BLOCK_CAPTURE_AUTORELEASING = YES;
				CLANG_WARN_BOOL_CONVERSION = YES;
				CLANG_WARN_COMMA = YES;
				CLANG_WARN_CONSTANT_CONVERSION = YES;
				CLANG_WARN_DEPRECATED_OBJC_IMPLEMENTATIONS = YES;
				CLANG_WARN_DIRECT_OBJC_ISA_USAGE = YES_ERROR;
				CLANG_WARN_DOCUMENTATION_COMMENTS = YES;
				CLANG_WARN_EMPTY_BODY = YES;
				CLANG_WARN_ENUM_CONVERSION = YES;
				CLANG_WARN_INFINITE_RECURSION = YES;
				CLANG_WARN_INT_CONVERSION = YES;
				CLANG_WARN_NON_LITERAL_NULL_CONVERSION = YES;
				CLANG_WARN_OBJC_IMPLICIT_RETAIN_SELF = YES;
				CLANG_WARN_OBJC_LITERAL_CONVERSION = YES;
				CLANG_WARN_OBJC_ROOT_CLASS = YES_ERROR;
				CLANG_WARN_QUOTED_INCLUDE_IN_FRAMEWORK_HEADER = YES;
				CLANG_WARN_RANGE_LOOP_ANALYSIS = YES;
				CLANG_WARN_STRICT_PROTOTYPES = YES;
				CLANG_WARN_SUSPICIOUS_MOVE = YES;
				CLANG_WARN_UNGUARDED_AVAILABILITY = YES_AGGRESSIVE;
				CLANG_WARN_UNREACHABLE_CODE = YES;
				CLANG_WARN__DUPLICATE_METHOD_MATCH = YES;
				COPY_PHASE_STRIP = NO;
				DEBUG_INFORMATION_FORMAT = dwarf;
				ENABLE_STRICT_OBJC_MSGSEND = YES;
				ENABLE_TESTABILITY = YES;
				GCC_C_LANGUAGE_STANDARD = gnu11;
				GCC_DYNAMIC_NO_PIC = NO;
				GCC_NO_COMMON_BLOCKS = YES;
				GCC_OPTIMIZATION_LEVEL = 0;
				GCC_PREPROCESSOR_DEFINITIONS = (
					"DEBUG=1",
					"$(inherited)",
				);
				GCC_WARN_64_TO_32_BIT_CONVERSION = YES;
				GCC_WARN_ABOUT_RETURN_TYPE = YES_ERROR;
				GCC_WARN_UNDECLARED_SELECTOR = YES;
				GCC_WARN_UNINITIALIZED_AUTOS = YES_AGGRESSIVE;
				GCC_WARN_UNUSED_FUNCTION = YES;
				GCC_WARN_UNUSED_VARIABLE = YES;
				IPHONEOS_DEPLOYMENT_TARGET = 14.1;
				MTL_ENABLE_DEBUG_INFO = INCLUDE_SOURCE;
				MTL_FAST_MATH = YES;
				ONLY_ACTIVE_ARCH = YES;
				SDKROOT = iphoneos;
				SWIFT_ACTIVE_COMPILATION_CONDITIONS = DEBUG;
				SWIFT_OPTIMIZATION_LEVEL = "-Onone";
			};
			name = Debug;
		};
		EA5CF4842544406D002556CF /* Release */ = {
			isa = XCBuildConfiguration;
			buildSettings = {
				ALWAYS_SEARCH_USER_PATHS = NO;
				CLANG_ANALYZER_NONNULL = YES;
				CLANG_ANALYZER_NUMBER_OBJECT_CONVERSION = YES_AGGRESSIVE;
				CLANG_CXX_LANGUAGE_STANDARD = "gnu++14";
				CLANG_CXX_LIBRARY = "libc++";
				CLANG_ENABLE_MODULES = YES;
				CLANG_ENABLE_OBJC_ARC = YES;
				CLANG_ENABLE_OBJC_WEAK = YES;
				CLANG_WARN_BLOCK_CAPTURE_AUTORELEASING = YES;
				CLANG_WARN_BOOL_CONVERSION = YES;
				CLANG_WARN_COMMA = YES;
				CLANG_WARN_CONSTANT_CONVERSION = YES;
				CLANG_WARN_DEPRECATED_OBJC_IMPLEMENTATIONS = YES;
				CLANG_WARN_DIRECT_OBJC_ISA_USAGE = YES_ERROR;
				CLANG_WARN_DOCUMENTATION_COMMENTS = YES;
				CLANG_WARN_EMPTY_BODY = YES;
				CLANG_WARN_ENUM_CONVERSION = YES;
				CLANG_WARN_INFINITE_RECURSION = YES;
				CLANG_WARN_INT_CONVERSION = YES;
				CLANG_WARN_NON_LITERAL_NULL_CONVERSION = YES;
				CLANG_WARN_OBJC_IMPLICIT_RETAIN_SELF = YES;
				CLANG_WARN_OBJC_LITERAL_CONVERSION = YES;
				CLANG_WARN_OBJC_ROOT_CLASS = YES_ERROR;
				CLANG_WARN_QUOTED_INCLUDE_IN_FRAMEWORK_HEADER = YES;
				CLANG_WARN_RANGE_LOOP_ANALYSIS = YES;
				CLANG_WARN_STRICT_PROTOTYPES = YES;
				CLANG_WARN_SUSPICIOUS_MOVE = YES;
				CLANG_WARN_UNGUARDED_AVAILABILITY = YES_AGGRESSIVE;
				CLANG_WARN_UNREACHABLE_CODE = YES;
				CLANG_WARN__DUPLICATE_METHOD_MATCH = YES;
				COPY_PHASE_STRIP = NO;
				DEBUG_INFORMATION_FORMAT = "dwarf-with-dsym";
				ENABLE_NS_ASSERTIONS = NO;
				ENABLE_STRICT_OBJC_MSGSEND = YES;
				GCC_C_LANGUAGE_STANDARD = gnu11;
				GCC_NO_COMMON_BLOCKS = YES;
				GCC_WARN_64_TO_32_BIT_CONVERSION = YES;
				GCC_WARN_ABOUT_RETURN_TYPE = YES_ERROR;
				GCC_WARN_UNDECLARED_SELECTOR = YES;
				GCC_WARN_UNINITIALIZED_AUTOS = YES_AGGRESSIVE;
				GCC_WARN_UNUSED_FUNCTION = YES;
				GCC_WARN_UNUSED_VARIABLE = YES;
				IPHONEOS_DEPLOYMENT_TARGET = 14.1;
				MTL_ENABLE_DEBUG_INFO = NO;
				MTL_FAST_MATH = YES;
				SDKROOT = iphoneos;
				SWIFT_COMPILATION_MODE = wholemodule;
				SWIFT_OPTIMIZATION_LEVEL = "-O";
				VALIDATE_PRODUCT = YES;
			};
			name = Release;
		};
		EA5CF4862544406D002556CF /* Debug */ = {
			isa = XCBuildConfiguration;
			buildSettings = {
				ASSETCATALOG_COMPILER_APPICON_NAME = AppIcon;
				ASSETCATALOG_COMPILER_GLOBAL_ACCENT_COLOR_NAME = AccentColor;
				CODE_SIGN_STYLE = Automatic;
				DEVELOPMENT_TEAM = 78U6FZ3GMX;
				INFOPLIST_FILE = Homework6/Info.plist;
				LD_RUNPATH_SEARCH_PATHS = (
					"$(inherited)",
					"@executable_path/Frameworks",
				);
				PRODUCT_BUNDLE_IDENTIFIER = "com.Oleg-Romanov.Homework6";
				PRODUCT_NAME = "$(TARGET_NAME)";
				SWIFT_VERSION = 5.0;
				TARGETED_DEVICE_FAMILY = "1,2";
			};
			name = Debug;
		};
		EA5CF4872544406D002556CF /* Release */ = {
			isa = XCBuildConfiguration;
			buildSettings = {
				ASSETCATALOG_COMPILER_APPICON_NAME = AppIcon;
				ASSETCATALOG_COMPILER_GLOBAL_ACCENT_COLOR_NAME = AccentColor;
				CODE_SIGN_STYLE = Automatic;
				DEVELOPMENT_TEAM = 78U6FZ3GMX;
				INFOPLIST_FILE = Homework6/Info.plist;
				LD_RUNPATH_SEARCH_PATHS = (
					"$(inherited)",
					"@executable_path/Frameworks",
				);
				PRODUCT_BUNDLE_IDENTIFIER = "com.Oleg-Romanov.Homework6";
				PRODUCT_NAME = "$(TARGET_NAME)";
				SWIFT_VERSION = 5.0;
				TARGETED_DEVICE_FAMILY = "1,2";
			};
			name = Release;
		};
/* End XCBuildConfiguration section */

/* Begin XCConfigurationList section */
		EA5CF46C2544406A002556CF /* Build configuration list for PBXProject "Homework6" */ = {
			isa = XCConfigurationList;
			buildConfigurations = (
				EA5CF4832544406D002556CF /* Debug */,
				EA5CF4842544406D002556CF /* Release */,
			);
			defaultConfigurationIsVisible = 0;
			defaultConfigurationName = Release;
		};
		EA5CF4852544406D002556CF /* Build configuration list for PBXNativeTarget "Homework6" */ = {
			isa = XCConfigurationList;
			buildConfigurations = (
				EA5CF4862544406D002556CF /* Debug */,
				EA5CF4872544406D002556CF /* Release */,
			);
			defaultConfigurationIsVisible = 0;
			defaultConfigurationName = Release;
		};
/* End XCConfigurationList section */
	};
	rootObject = EA5CF4692544406A002556CF /* Project object */;
}
